<Solution>
  <Folder Name="/Core/">
    <Project Path="src\BidPulse.Domain\BidPulse.Domain.csproj" Type="Classic C#" />
  </Folder>
  <Folder Name="/Infrastructure/">
    <Project Path="src\BidPulse.Persistence\BidPulse.Persistence.csproj" Type="Classic C#" />
  </Folder>
  <Folder Name="/Presentation/" />
  <Folder Name="/Tests/" />
</Solution>